
Microsoft Visual Studio Solution File, Format Version 12.00
# Visual Studio Version 17
VisualStudioVersion = 17.9.34607.119
MinimumVisualStudioVersion = 10.0.40219.1
Project("{FAE04EC0-301F-11D3-BF4B-00C04F79EFBC}") = "SAYAC", "SAYAC\SAYAC.csproj", "{669D680B-A5E5-487B-A8F0-6C076D208EE1}"
EndProject
Global
	GlobalSection(SolutionConfigurationPlatforms) = preSolution
		Debug|Any CPU = Debug|Any CPU
		Release|Any CPU = Release|Any CPU
	EndGlobalSection
	GlobalSection(ProjectConfigurationPlatforms) = postSolution
		{669D680B-A5E5-487B-A8F0-6C076D208EE1}.Debug|Any CPU.ActiveCfg = Debug|Any CPU
		{669D680B-A5E5-487B-A8F0-6C076D208EE1}.Debug|Any CPU.Build.0 = Debug|Any CPU
		{669D680B-A5E5-487B-A8F0-6C076D208EE1}.Release|Any CPU.ActiveCfg = Release|Any CPU
		{669D680B-A5E5-487B-A8F0-6C076D208EE1}.Release|Any CPU.Build.0 = Release|Any CPU
	EndGlobalSection
	GlobalSection(SolutionProperties) = preSolution
		HideSolutionNode = FALSE
	EndGlobalSection
	GlobalSection(ExtensibilityGlobals) = postSolution
		SolutionGuid = {088BF3CE-F7A3-45EB-A93C-65C2B742707F}
	EndGlobalSection
EndGlobal
